
Microsoft Visual Studio Solution File, Format Version 12.00
# Visual Studio Version 17
VisualStudioVersion = 17.0.31919.166
MinimumVisualStudioVersion = 10.0.40219.1
Project("{9A19103F-16F7-4668-BE54-9A1E7A4F7556}") = "api", "api\api.csproj", "{5F7D1242-B6E3-4577-B2C6-BEBF19BAC2EF}"
EndProject
Global
	GlobalSection(SolutionConfigurationPlatforms) = preSolution
		Debug|Any CPU = Debug|Any CPU
		Release|Any CPU = Release|Any CPU
	EndGlobalSection
	GlobalSection(ProjectConfigurationPlatforms) = postSolution
		{5F7D1242-B6E3-4577-B2C6-BEBF19BAC2EF}.Debug|Any CPU.ActiveCfg = Debug|Any CPU
		{5F7D1242-B6E3-4577-B2C6-BEBF19BAC2EF}.Debug|Any CPU.Build.0 = Debug|Any CPU
		{5F7D1242-B6E3-4577-B2C6-BEBF19BAC2EF}.Release|Any CPU.ActiveCfg = Release|Any CPU
		{5F7D1242-B6E3-4577-B2C6-BEBF19BAC2EF}.Release|Any CPU.Build.0 = Release|Any CPU
	EndGlobalSection
	GlobalSection(SolutionProperties) = preSolution
		HideSolutionNode = FALSE
	EndGlobalSection
	GlobalSection(ExtensibilityGlobals) = postSolution
		SolutionGuid = {D3563567-912A-4882-BE60-753A327D762C}
	EndGlobalSection
EndGlobal
